{
  "name": "nanomark",
  "version": "1.0.0",
  "lockfileVersion": 3,
  "requires": true,
  "packages": {
    "": {
      "name": "nanomark",
      "version": "1.0.0",
      "license": "ISC",
      "dependencies": {
        "nanomark": "file:nanomark-1.0.0.tgz"
      }
    },
    "node_modules/nanomark": {
      "version": "1.0.0",
      "resolved": "file:nanomark-1.0.0.tgz",
      "integrity": "sha512-3zzFfKvv2lSfte/6pPj72DCjsqVhJZnncLKuPWRBQ+ypLTIWRgbdQjzadsSXE5959TTzEM3KDTH0PekQj33y9Q==",
      "license": "ISC"
    }
  }
}
